
Microsoft Visual Studio Solution File, Format Version 12.00
# Visual Studio Version 17
VisualStudioVersion = 17.0.31903.59
MinimumVisualStudioVersion = 10.0.40219.1
Project("{FAE04EC0-301F-11D3-BF4B-00C04F79EFBC}") = "Promotion.Test", "Promotion.Test\Promotion.Test.csproj", "{2640F7E3-48D9-49BC-97A3-87610BB1F90B}"
EndProject
Project("{FAE04EC0-301F-11D3-BF4B-00C04F79EFBC}") = "Promotion", "Promotion\Promotion.csproj", "{ACD0C1BC-05C6-4438-BF6A-D1D30CF7ECD1}"
EndProject
Global
	GlobalSection(SolutionConfigurationPlatforms) = preSolution
		Debug|Any CPU = Debug|Any CPU
		Release|Any CPU = Release|Any CPU
	EndGlobalSection
	GlobalSection(SolutionProperties) = preSolution
		HideSolutionNode = FALSE
	EndGlobalSection
	GlobalSection(ProjectConfigurationPlatforms) = postSolution
		{2640F7E3-48D9-49BC-97A3-87610BB1F90B}.Debug|Any CPU.ActiveCfg = Debug|Any CPU
		{2640F7E3-48D9-49BC-97A3-87610BB1F90B}.Debug|Any CPU.Build.0 = Debug|Any CPU
		{2640F7E3-48D9-49BC-97A3-87610BB1F90B}.Release|Any CPU.ActiveCfg = Release|Any CPU
		{2640F7E3-48D9-49BC-97A3-87610BB1F90B}.Release|Any CPU.Build.0 = Release|Any CPU
		{ACD0C1BC-05C6-4438-BF6A-D1D30CF7ECD1}.Debug|Any CPU.ActiveCfg = Debug|Any CPU
		{ACD0C1BC-05C6-4438-BF6A-D1D30CF7ECD1}.Debug|Any CPU.Build.0 = Debug|Any CPU
		{ACD0C1BC-05C6-4438-BF6A-D1D30CF7ECD1}.Release|Any CPU.ActiveCfg = Release|Any CPU
		{ACD0C1BC-05C6-4438-BF6A-D1D30CF7ECD1}.Release|Any CPU.Build.0 = Release|Any CPU
	EndGlobalSection
EndGlobal
